
Microsoft Visual Studio Solution File, Format Version 12.00
# Visual Studio Version 16
VisualStudioVersion = 16.0.31025.194
MinimumVisualStudioVersion = 10.0.40219.1
Project("{FAE04EC0-301F-11D3-BF4B-00C04F79EFBC}") = "WinChartApp", "WinChartApp\WinChartApp.csproj", "{14891165-AF7B-495A-944A-3A0597770FA0}"
EndProject
Project("{FAE04EC0-301F-11D3-BF4B-00C04F79EFBC}") = "ImageViewerApp", "ImageViewerApp\ImageViewerApp.csproj", "{4CB901F2-76FE-40A8-9B31-436F46135FAD}"
EndProject
Project("{FAE04EC0-301F-11D3-BF4B-00C04F79EFBC}") = "AddressInfoApp", "AddressInfoApp\AddressInfoApp.csproj", "{C59E2C93-F99C-4349-B1F1-12BC74EECD4F}"
EndProject
Project("{FAE04EC0-301F-11D3-BF4B-00C04F79EFBC}") = "IoTSensorMonApp", "IoTSensorMonApp\IoTSensorMonApp.csproj", "{970CFEEC-4A3E-4120-970A-5290105B1A69}"
EndProject
Project("{FAE04EC0-301F-11D3-BF4B-00C04F79EFBC}") = "BookRentalShopApp", "BookRentalShopApp\BookRentalShopApp.csproj", "{EF7A2E9E-87F1-4354-9919-DAEF3DA4D90C}"
EndProject
Global
	GlobalSection(SolutionConfigurationPlatforms) = preSolution
		Debug|Any CPU = Debug|Any CPU
		Release|Any CPU = Release|Any CPU
	EndGlobalSection
	GlobalSection(ProjectConfigurationPlatforms) = postSolution
		{14891165-AF7B-495A-944A-3A0597770FA0}.Debug|Any CPU.ActiveCfg = Debug|Any CPU
		{14891165-AF7B-495A-944A-3A0597770FA0}.Debug|Any CPU.Build.0 = Debug|Any CPU
		{14891165-AF7B-495A-944A-3A0597770FA0}.Release|Any CPU.ActiveCfg = Release|Any CPU
		{14891165-AF7B-495A-944A-3A0597770FA0}.Release|Any CPU.Build.0 = Release|Any CPU
		{4CB901F2-76FE-40A8-9B31-436F46135FAD}.Debug|Any CPU.ActiveCfg = Debug|Any CPU
		{4CB901F2-76FE-40A8-9B31-436F46135FAD}.Debug|Any CPU.Build.0 = Debug|Any CPU
		{4CB901F2-76FE-40A8-9B31-436F46135FAD}.Release|Any CPU.ActiveCfg = Release|Any CPU
		{4CB901F2-76FE-40A8-9B31-436F46135FAD}.Release|Any CPU.Build.0 = Release|Any CPU
		{C59E2C93-F99C-4349-B1F1-12BC74EECD4F}.Debug|Any CPU.ActiveCfg = Debug|Any CPU
		{C59E2C93-F99C-4349-B1F1-12BC74EECD4F}.Debug|Any CPU.Build.0 = Debug|Any CPU
		{C59E2C93-F99C-4349-B1F1-12BC74EECD4F}.Release|Any CPU.ActiveCfg = Release|Any CPU
		{C59E2C93-F99C-4349-B1F1-12BC74EECD4F}.Release|Any CPU.Build.0 = Release|Any CPU
		{970CFEEC-4A3E-4120-970A-5290105B1A69}.Debug|Any CPU.ActiveCfg = Debug|Any CPU
		{970CFEEC-4A3E-4120-970A-5290105B1A69}.Debug|Any CPU.Build.0 = Debug|Any CPU
		{970CFEEC-4A3E-4120-970A-5290105B1A69}.Release|Any CPU.ActiveCfg = Release|Any CPU
		{970CFEEC-4A3E-4120-970A-5290105B1A69}.Release|Any CPU.Build.0 = Release|Any CPU
		{EF7A2E9E-87F1-4354-9919-DAEF3DA4D90C}.Debug|Any CPU.ActiveCfg = Debug|Any CPU
		{EF7A2E9E-87F1-4354-9919-DAEF3DA4D90C}.Debug|Any CPU.Build.0 = Debug|Any CPU
		{EF7A2E9E-87F1-4354-9919-DAEF3DA4D90C}.Release|Any CPU.ActiveCfg = Release|Any CPU
		{EF7A2E9E-87F1-4354-9919-DAEF3DA4D90C}.Release|Any CPU.Build.0 = Release|Any CPU
	EndGlobalSection
	GlobalSection(SolutionProperties) = preSolution
		HideSolutionNode = FALSE
	EndGlobalSection
	GlobalSection(ExtensibilityGlobals) = postSolution
		SolutionGuid = {3086B0D9-0835-4103-B488-D9A5D2E24C8E}
	EndGlobalSection
EndGlobal
