
Microsoft Visual Studio Solution File, Format Version 12.00
# Visual Studio Version 16
VisualStudioVersion = 16.0.31025.194
MinimumVisualStudioVersion = 10.0.40219.1
Project("{FAE04EC0-301F-11D3-BF4B-00C04F79EFBC}") = "WpfLoginApp", "WpfLoginApp\WpfLoginApp.csproj", "{64227F27-1061-4459-9BB7-EA65F4B64F9E}"
EndProject
Project("{FAE04EC0-301F-11D3-BF4B-00C04F79EFBC}") = "ModernUITestApp", "ModernUITestApp\ModernUITestApp.csproj", "{3691A7B2-06EB-43B6-BB73-6A6C1EAFED32}"
EndProject
Project("{FAE04EC0-301F-11D3-BF4B-00C04F79EFBC}") = "WpfPracticeApp", "WpfPracticeApp\WpfPracticeApp.csproj", "{104E4412-1F4F-4699-A834-03EEC6F07BA3}"
EndProject
Project("{FAE04EC0-301F-11D3-BF4B-00C04F79EFBC}") = "PhotoSensorMonApp", "PhotoSensorMonApp\PhotoSensorMonApp.csproj", "{3F48F4AA-DC79-44F9-BAD0-41C4DA9F6B9D}"
EndProject
Global
	GlobalSection(SolutionConfigurationPlatforms) = preSolution
		Debug|Any CPU = Debug|Any CPU
		Release|Any CPU = Release|Any CPU
	EndGlobalSection
	GlobalSection(ProjectConfigurationPlatforms) = postSolution
		{64227F27-1061-4459-9BB7-EA65F4B64F9E}.Debug|Any CPU.ActiveCfg = Debug|Any CPU
		{64227F27-1061-4459-9BB7-EA65F4B64F9E}.Debug|Any CPU.Build.0 = Debug|Any CPU
		{64227F27-1061-4459-9BB7-EA65F4B64F9E}.Release|Any CPU.ActiveCfg = Release|Any CPU
		{64227F27-1061-4459-9BB7-EA65F4B64F9E}.Release|Any CPU.Build.0 = Release|Any CPU
		{3691A7B2-06EB-43B6-BB73-6A6C1EAFED32}.Debug|Any CPU.ActiveCfg = Debug|Any CPU
		{3691A7B2-06EB-43B6-BB73-6A6C1EAFED32}.Debug|Any CPU.Build.0 = Debug|Any CPU
		{3691A7B2-06EB-43B6-BB73-6A6C1EAFED32}.Release|Any CPU.ActiveCfg = Release|Any CPU
		{3691A7B2-06EB-43B6-BB73-6A6C1EAFED32}.Release|Any CPU.Build.0 = Release|Any CPU
		{104E4412-1F4F-4699-A834-03EEC6F07BA3}.Debug|Any CPU.ActiveCfg = Debug|Any CPU
		{104E4412-1F4F-4699-A834-03EEC6F07BA3}.Debug|Any CPU.Build.0 = Debug|Any CPU
		{104E4412-1F4F-4699-A834-03EEC6F07BA3}.Release|Any CPU.ActiveCfg = Release|Any CPU
		{104E4412-1F4F-4699-A834-03EEC6F07BA3}.Release|Any CPU.Build.0 = Release|Any CPU
		{3F48F4AA-DC79-44F9-BAD0-41C4DA9F6B9D}.Debug|Any CPU.ActiveCfg = Debug|Any CPU
		{3F48F4AA-DC79-44F9-BAD0-41C4DA9F6B9D}.Debug|Any CPU.Build.0 = Debug|Any CPU
		{3F48F4AA-DC79-44F9-BAD0-41C4DA9F6B9D}.Release|Any CPU.ActiveCfg = Release|Any CPU
		{3F48F4AA-DC79-44F9-BAD0-41C4DA9F6B9D}.Release|Any CPU.Build.0 = Release|Any CPU
	EndGlobalSection
	GlobalSection(SolutionProperties) = preSolution
		HideSolutionNode = FALSE
	EndGlobalSection
	GlobalSection(ExtensibilityGlobals) = postSolution
		SolutionGuid = {23136331-4BA9-4D27-B0C5-6AC44670B407}
	EndGlobalSection
EndGlobal
